
Microsoft Visual Studio Solution File, Format Version 12.00
# Visual Studio 2012
Project("{FAE04EC0-301F-11D3-BF4B-00C04F79EFBC}") = "Browser", "Browser.csproj", "{37BA739C-1BAA-4C9E-8BAE-CA3961B5259F}"
EndProject
Global
	GlobalSection(SolutionConfigurationPlatforms) = preSolution
		Debug|Any CPU = Debug|Any CPU
		Debug|x86 = Debug|x86
		Release|Any CPU = Release|Any CPU
		Release|x86 = Release|x86
	EndGlobalSection
	GlobalSection(ProjectConfigurationPlatforms) = postSolution
		{37BA739C-1BAA-4C9E-8BAE-CA3961B5259F}.Debug|Any CPU.ActiveCfg = Debug|x86
		{37BA739C-1BAA-4C9E-8BAE-CA3961B5259F}.Debug|Any CPU.Build.0 = Debug|x86
		{37BA739C-1BAA-4C9E-8BAE-CA3961B5259F}.Debug|x86.ActiveCfg = Debug|x86
		{37BA739C-1BAA-4C9E-8BAE-CA3961B5259F}.Debug|x86.Build.0 = Debug|x86
		{37BA739C-1BAA-4C9E-8BAE-CA3961B5259F}.Release|Any CPU.ActiveCfg = Release|Any CPU
		{37BA739C-1BAA-4C9E-8BAE-CA3961B5259F}.Release|Any CPU.Build.0 = Release|Any CPU
		{37BA739C-1BAA-4C9E-8BAE-CA3961B5259F}.Release|x86.ActiveCfg = Release|x86
		{37BA739C-1BAA-4C9E-8BAE-CA3961B5259F}.Release|x86.Build.0 = Release|x86
	EndGlobalSection
	GlobalSection(SolutionProperties) = preSolution
		HideSolutionNode = FALSE
	EndGlobalSection
EndGlobal
